
Microsoft Visual Studio Solution File, Format Version 12.00
# Visual Studio 15
VisualStudioVersion = 15.0.28010.2046
MinimumVisualStudioVersion = 10.0.40219.1
Project("{9A19103F-16F7-4668-BE54-9A1E7A4F7556}") = "RestFull0aNuvem", "RestFull0aNuvem\RestFull0aNuvem.csproj", "{78F80DB9-DAAC-433F-AB84-89655948BA95}"
EndProject
Global
	GlobalSection(SolutionConfigurationPlatforms) = preSolution
		Debug|Any CPU = Debug|Any CPU
		Release|Any CPU = Release|Any CPU
	EndGlobalSection
	GlobalSection(ProjectConfigurationPlatforms) = postSolution
		{78F80DB9-DAAC-433F-AB84-89655948BA95}.Debug|Any CPU.ActiveCfg = Debug|Any CPU
		{78F80DB9-DAAC-433F-AB84-89655948BA95}.Debug|Any CPU.Build.0 = Debug|Any CPU
		{78F80DB9-DAAC-433F-AB84-89655948BA95}.Release|Any CPU.ActiveCfg = Release|Any CPU
		{78F80DB9-DAAC-433F-AB84-89655948BA95}.Release|Any CPU.Build.0 = Release|Any CPU
	EndGlobalSection
	GlobalSection(SolutionProperties) = preSolution
		HideSolutionNode = FALSE
	EndGlobalSection
	GlobalSection(ExtensibilityGlobals) = postSolution
		SolutionGuid = {A570453F-8FC2-4953-8A3C-332FAA411024}
	EndGlobalSection
EndGlobal
